// !$*UTF8*$!
{
	archiveVersion = 1;
	classes = {
	};
	objectVersion = 46;
	objects = {

/* Begin PBXBuildFile section */
		D069CFC71CB0457D00CFA3AA /* main.cpp in Sources */ = {isa = PBXBuildFile; fileRef = D069CFC61CB0457D00CFA3AA /* main.cpp */; };
		D069CFCE1CB045E500CFA3AA /* generics_new.S in Sources */ = {isa = PBXBuildFile; fileRef = D069CFCD1CB045E500CFA3AA /* generics_new.S */; };
		D069CFD01CB08F6700CFA3AA /* generics_classic.S in Sources */ = {isa = PBXBuildFile; fileRef = D069CFCF1CB08F6700CFA3AA /* generics_classic.S */; };
		D069CFD31CB09D4100CFA3AA /* generics_combined.S in Sources */ = {isa = PBXBuildFile; fileRef = D069CFD21CB09D4100CFA3AA /* generics_combined.S */; };
		D069CFD51CB0A5B900CFA3AA /* generics_preservemost.S in Sources */ = {isa = PBXBuildFile; fileRef = D069CFD41CB0A5B900CFA3AA /* generics_preservemost.S */; };
/* End PBXBuildFile section */

/* Begin PBXCopyFilesBuildPhase section */
		D069CFC11CB0457D00CFA3AA /* CopyFiles */ = {
			isa = PBXCopyFilesBuildPhase;
			buildActionMask = 2147483647;
			dstPath = /usr/share/man/man1/;
			dstSubfolderSpec = 0;
			files = (
			);
			runOnlyForDeploymentPostprocessing = 1;
		};
/* End PBXCopyFilesBuildPhase section */

/* Begin PBXFileReference section */
		D069CFC31CB0457D00CFA3AA /* generics */ = {isa = PBXFileReference; explicitFileType = "compiled.mach-o.executable"; includeInIndex = 0; path = generics; sourceTree = BUILT_PRODUCTS_DIR; };
		D069CFC61CB0457D00CFA3AA /* main.cpp */ = {isa = PBXFileReference; lastKnownFileType = sourcecode.cpp.cpp; path = main.cpp; sourceTree = "<group>"; };
		D069CFCD1CB045E500CFA3AA /* generics_new.S */ = {isa = PBXFileReference; fileEncoding = 4; lastKnownFileType = sourcecode.asm; path = generics_new.S; sourceTree = "<group>"; };
		D069CFCF1CB08F6700CFA3AA /* generics_classic.S */ = {isa = PBXFileReference; fileEncoding = 4; lastKnownFileType = sourcecode.asm; path = generics_classic.S; sourceTree = "<group>"; };
		D069CFD11CB092E300CFA3AA /* asm.h */ = {isa = PBXFileReference; fileEncoding = 4; lastKnownFileType = sourcecode.c.h; path = asm.h; sourceTree = "<group>"; };
		D069CFD21CB09D4100CFA3AA /* generics_combined.S */ = {isa = PBXFileReference; fileEncoding = 4; lastKnownFileType = sourcecode.asm; path = generics_combined.S; sourceTree = "<group>"; };
		D069CFD41CB0A5B900CFA3AA /* generics_preservemost.S */ = {isa = PBXFileReference; fileEncoding = 4; lastKnownFileType = sourcecode.asm; path = generics_preservemost.S; sourceTree = "<group>"; };
/* End PBXFileReference section */

/* Begin PBXFrameworksBuildPhase section */
		D069CFC01CB0457D00CFA3AA /* Frameworks */ = {
			isa = PBXFrameworksBuildPhase;
			buildActionMask = 2147483647;
			files = (
			);
			runOnlyForDeploymentPostprocessing = 0;
		};
/* End PBXFrameworksBuildPhase section */

/* Begin PBXGroup section */
		D069CFBA1CB0457C00CFA3AA = {
			isa = PBXGroup;
			children = (
				D069CFC51CB0457D00CFA3AA /* generics */,
				D069CFC41CB0457D00CFA3AA /* Products */,
			);
			sourceTree = "<group>";
		};
		D069CFC41CB0457D00CFA3AA /* Products */ = {
			isa = PBXGroup;
			children = (
				D069CFC31CB0457D00CFA3AA /* generics */,
			);
			name = Products;
			sourceTree = "<group>";
		};
		D069CFC51CB0457D00CFA3AA /* generics */ = {
			isa = PBXGroup;
			children = (
				D069CFC61CB0457D00CFA3AA /* main.cpp */,
				D069CFD11CB092E300CFA3AA /* asm.h */,
				D069CFCF1CB08F6700CFA3AA /* generics_classic.S */,
				D069CFCD1CB045E500CFA3AA /* generics_new.S */,
				D069CFD41CB0A5B900CFA3AA /* generics_preservemost.S */,
				D069CFD21CB09D4100CFA3AA /* generics_combined.S */,
			);
			path = generics;
			sourceTree = "<group>";
		};
/* End PBXGroup section */

/* Begin PBXNativeTarget section */
		D069CFC21CB0457D00CFA3AA /* generics */ = {
			isa = PBXNativeTarget;
			buildConfigurationList = D069CFCA1CB0457D00CFA3AA /* Build configuration list for PBXNativeTarget "generics" */;
			buildPhases = (
				D069CFBF1CB0457D00CFA3AA /* Sources */,
				D069CFC01CB0457D00CFA3AA /* Frameworks */,
				D069CFC11CB0457D00CFA3AA /* CopyFiles */,
			);
			buildRules = (
			);
			dependencies = (
			);
			name = generics;
			productName = generics;
			productReference = D069CFC31CB0457D00CFA3AA /* generics */;
			productType = "com.apple.product-type.tool";
		};
/* End PBXNativeTarget section */

/* Begin PBXProject section */
		D069CFBB1CB0457C00CFA3AA /* Project object */ = {
			isa = PBXProject;
			attributes = {
				LastUpgradeCheck = 0730;
				ORGANIZATIONNAME = "Joe Groff";
				TargetAttributes = {
					D069CFC21CB0457D00CFA3AA = {
						CreatedOnToolsVersion = 7.3;
					};
				};
			};
			buildConfigurationList = D069CFBE1CB0457C00CFA3AA /* Build configuration list for PBXProject "generics" */;
			compatibilityVersion = "Xcode 3.2";
			developmentRegion = English;
			hasScannedForEncodings = 0;
			knownRegions = (
				en,
			);
			mainGroup = D069CFBA1CB0457C00CFA3AA;
			productRefGroup = D069CFC41CB0457D00CFA3AA /* Products */;
			projectDirPath = "";
			projectRoot = "";
			targets = (
				D069CFC21CB0457D00CFA3AA /* generics */,
			);
		};
/* End PBXProject section */

/* Begin PBXSourcesBuildPhase section */
		D069CFBF1CB0457D00CFA3AA /* Sources */ = {
			isa = PBXSourcesBuildPhase;
			buildActionMask = 2147483647;
			files = (
				D069CFD31CB09D4100CFA3AA /* generics_combined.S in Sources */,
				D069CFD51CB0A5B900CFA3AA /* generics_preservemost.S in Sources */,
				D069CFD01CB08F6700CFA3AA /* generics_classic.S in Sources */,
				D069CFC71CB0457D00CFA3AA /* main.cpp in Sources */,
				D069CFCE1CB045E500CFA3AA /* generics_new.S in Sources */,
			);
			runOnlyForDeploymentPostprocessing = 0;
		};
/* End PBXSourcesBuildPhase section */

/* Begin XCBuildConfiguration section */
		D069CFC81CB0457D00CFA3AA /* Debug */ = {
			isa = XCBuildConfiguration;
			buildSettings = {
				ALWAYS_SEARCH_USER_PATHS = NO;
				CLANG_ANALYZER_NONNULL = YES;
				CLANG_CXX_LANGUAGE_STANDARD = "gnu++0x";
				CLANG_CXX_LIBRARY = "libc++";
				CLANG_ENABLE_MODULES = YES;
				CLANG_ENABLE_OBJC_ARC = YES;
				CLANG_WARN_BOOL_CONVERSION = YES;
				CLANG_WARN_CONSTANT_CONVERSION = YES;
				CLANG_WARN_DIRECT_OBJC_ISA_USAGE = YES_ERROR;
				CLANG_WARN_EMPTY_BODY = YES;
				CLANG_WARN_ENUM_CONVERSION = YES;
				CLANG_WARN_INT_CONVERSION = YES;
				CLANG_WARN_OBJC_ROOT_CLASS = YES_ERROR;
				CLANG_WARN_UNREACHABLE_CODE = YES;
				CLANG_WARN__DUPLICATE_METHOD_MATCH = YES;
				CODE_SIGN_IDENTITY = "-";
				COPY_PHASE_STRIP = NO;
				DEBUG_INFORMATION_FORMAT = dwarf;
				ENABLE_STRICT_OBJC_MSGSEND = YES;
				ENABLE_TESTABILITY = YES;
				GCC_C_LANGUAGE_STANDARD = gnu99;
				GCC_DYNAMIC_NO_PIC = NO;
				GCC_NO_COMMON_BLOCKS = YES;
				GCC_OPTIMIZATION_LEVEL = 0;
				GCC_PREPROCESSOR_DEFINITIONS = (
					"DEBUG=1",
					"$(inherited)",
				);
				GCC_WARN_64_TO_32_BIT_CONVERSION = YES;
				GCC_WARN_ABOUT_RETURN_TYPE = YES_ERROR;
				GCC_WARN_UNDECLARED_SELECTOR = YES;
				GCC_WARN_UNINITIALIZED_AUTOS = YES_AGGRESSIVE;
				GCC_WARN_UNUSED_FUNCTION = YES;
				GCC_WARN_UNUSED_VARIABLE = YES;
				MACOSX_DEPLOYMENT_TARGET = 10.11;
				MTL_ENABLE_DEBUG_INFO = YES;
				ONLY_ACTIVE_ARCH = YES;
				SDKROOT = macosx;
			};
			name = Debug;
		};
		D069CFC91CB0457D00CFA3AA /* Release */ = {
			isa = XCBuildConfiguration;
			buildSettings = {
				ALWAYS_SEARCH_USER_PATHS = NO;
				CLANG_ANALYZER_NONNULL = YES;
				CLANG_CXX_LANGUAGE_STANDARD = "gnu++0x";
				CLANG_CXX_LIBRARY = "libc++";
				CLANG_ENABLE_MODULES = YES;
				CLANG_ENABLE_OBJC_ARC = YES;
				CLANG_WARN_BOOL_CONVERSION = YES;
				CLANG_WARN_CONSTANT_CONVERSION = YES;
				CLANG_WARN_DIRECT_OBJC_ISA_USAGE = YES_ERROR;
				CLANG_WARN_EMPTY_BODY = YES;
				CLANG_WARN_ENUM_CONVERSION = YES;
				CLANG_WARN_INT_CONVERSION = YES;
				CLANG_WARN_OBJC_ROOT_CLASS = YES_ERROR;
				CLANG_WARN_UNREACHABLE_CODE = YES;
				CLANG_WARN__DUPLICATE_METHOD_MATCH = YES;
				CODE_SIGN_IDENTITY = "-";
				COPY_PHASE_STRIP = NO;
				DEBUG_INFORMATION_FORMAT = "dwarf-with-dsym";
				ENABLE_NS_ASSERTIONS = NO;
				ENABLE_STRICT_OBJC_MSGSEND = YES;
				GCC_C_LANGUAGE_STANDARD = gnu99;
				GCC_NO_COMMON_BLOCKS = YES;
				GCC_WARN_64_TO_32_BIT_CONVERSION = YES;
				GCC_WARN_ABOUT_RETURN_TYPE = YES_ERROR;
				GCC_WARN_UNDECLARED_SELECTOR = YES;
				GCC_WARN_UNINITIALIZED_AUTOS = YES_AGGRESSIVE;
				GCC_WARN_UNUSED_FUNCTION = YES;
				GCC_WARN_UNUSED_VARIABLE = YES;
				MACOSX_DEPLOYMENT_TARGET = 10.11;
				MTL_ENABLE_DEBUG_INFO = NO;
				SDKROOT = macosx;
			};
			name = Release;
		};
		D069CFCB1CB0457D00CFA3AA /* Debug */ = {
			isa = XCBuildConfiguration;
			buildSettings = {
				PRODUCT_NAME = "$(TARGET_NAME)";
			};
			name = Debug;
		};
		D069CFCC1CB0457D00CFA3AA /* Release */ = {
			isa = XCBuildConfiguration;
			buildSettings = {
				PRODUCT_NAME = "$(TARGET_NAME)";
			};
			name = Release;
		};
/* End XCBuildConfiguration section */

/* Begin XCConfigurationList section */
		D069CFBE1CB0457C00CFA3AA /* Build configuration list for PBXProject "generics" */ = {
			isa = XCConfigurationList;
			buildConfigurations = (
				D069CFC81CB0457D00CFA3AA /* Debug */,
				D069CFC91CB0457D00CFA3AA /* Release */,
			);
			defaultConfigurationIsVisible = 0;
			defaultConfigurationName = Release;
		};
		D069CFCA1CB0457D00CFA3AA /* Build configuration list for PBXNativeTarget "generics" */ = {
			isa = XCConfigurationList;
			buildConfigurations = (
				D069CFCB1CB0457D00CFA3AA /* Debug */,
				D069CFCC1CB0457D00CFA3AA /* Release */,
			);
			defaultConfigurationIsVisible = 0;
			defaultConfigurationName = Release;
		};
/* End XCConfigurationList section */
	};
	rootObject = D069CFBB1CB0457C00CFA3AA /* Project object */;
}
